
Microsoft Visual Studio Solution File, Format Version 12.00
# Visual Studio 15
VisualStudioVersion = 15.0.26124.0
MinimumVisualStudioVersion = 15.0.26124.0
Project("{FAE04EC0-301F-11D3-BF4B-00C04F79EFBC}") = "API", "API\API.csproj", "{B25E62E6-E807-4771-9435-AE70E7EB6336}"
EndProject
Project("{FAE04EC0-301F-11D3-BF4B-00C04F79EFBC}") = "Core", "Core\Core.csproj", "{763563E5-1DBE-4A4C-9040-9596611DD8B6}"
EndProject
Project("{FAE04EC0-301F-11D3-BF4B-00C04F79EFBC}") = "Infrastructure", "Infrastructure\Infrastructure.csproj", "{92C70047-F459-46C5-965A-8597158C5309}"
EndProject
Global
	GlobalSection(SolutionConfigurationPlatforms) = preSolution
		Debug|Any CPU = Debug|Any CPU
		Debug|x64 = Debug|x64
		Debug|x86 = Debug|x86
		Release|Any CPU = Release|Any CPU
		Release|x64 = Release|x64
		Release|x86 = Release|x86
	EndGlobalSection
	GlobalSection(SolutionProperties) = preSolution
		HideSolutionNode = FALSE
	EndGlobalSection
	GlobalSection(ProjectConfigurationPlatforms) = postSolution
		{B25E62E6-E807-4771-9435-AE70E7EB6336}.Debug|Any CPU.ActiveCfg = Debug|Any CPU
		{B25E62E6-E807-4771-9435-AE70E7EB6336}.Debug|Any CPU.Build.0 = Debug|Any CPU
		{B25E62E6-E807-4771-9435-AE70E7EB6336}.Debug|x64.ActiveCfg = Debug|Any CPU
		{B25E62E6-E807-4771-9435-AE70E7EB6336}.Debug|x64.Build.0 = Debug|Any CPU
		{B25E62E6-E807-4771-9435-AE70E7EB6336}.Debug|x86.ActiveCfg = Debug|Any CPU
		{B25E62E6-E807-4771-9435-AE70E7EB6336}.Debug|x86.Build.0 = Debug|Any CPU
		{B25E62E6-E807-4771-9435-AE70E7EB6336}.Release|Any CPU.ActiveCfg = Release|Any CPU
		{B25E62E6-E807-4771-9435-AE70E7EB6336}.Release|Any CPU.Build.0 = Release|Any CPU
		{B25E62E6-E807-4771-9435-AE70E7EB6336}.Release|x64.ActiveCfg = Release|Any CPU
		{B25E62E6-E807-4771-9435-AE70E7EB6336}.Release|x64.Build.0 = Release|Any CPU
		{B25E62E6-E807-4771-9435-AE70E7EB6336}.Release|x86.ActiveCfg = Release|Any CPU
		{B25E62E6-E807-4771-9435-AE70E7EB6336}.Release|x86.Build.0 = Release|Any CPU
		{763563E5-1DBE-4A4C-9040-9596611DD8B6}.Debug|Any CPU.ActiveCfg = Debug|Any CPU
		{763563E5-1DBE-4A4C-9040-9596611DD8B6}.Debug|Any CPU.Build.0 = Debug|Any CPU
		{763563E5-1DBE-4A4C-9040-9596611DD8B6}.Debug|x64.ActiveCfg = Debug|Any CPU
		{763563E5-1DBE-4A4C-9040-9596611DD8B6}.Debug|x64.Build.0 = Debug|Any CPU
		{763563E5-1DBE-4A4C-9040-9596611DD8B6}.Debug|x86.ActiveCfg = Debug|Any CPU
		{763563E5-1DBE-4A4C-9040-9596611DD8B6}.Debug|x86.Build.0 = Debug|Any CPU
		{763563E5-1DBE-4A4C-9040-9596611DD8B6}.Release|Any CPU.ActiveCfg = Release|Any CPU
		{763563E5-1DBE-4A4C-9040-9596611DD8B6}.Release|Any CPU.Build.0 = Release|Any CPU
		{763563E5-1DBE-4A4C-9040-9596611DD8B6}.Release|x64.ActiveCfg = Release|Any CPU
		{763563E5-1DBE-4A4C-9040-9596611DD8B6}.Release|x64.Build.0 = Release|Any CPU
		{763563E5-1DBE-4A4C-9040-9596611DD8B6}.Release|x86.ActiveCfg = Release|Any CPU
		{763563E5-1DBE-4A4C-9040-9596611DD8B6}.Release|x86.Build.0 = Release|Any CPU
		{92C70047-F459-46C5-965A-8597158C5309}.Debug|Any CPU.ActiveCfg = Debug|Any CPU
		{92C70047-F459-46C5-965A-8597158C5309}.Debug|Any CPU.Build.0 = Debug|Any CPU
		{92C70047-F459-46C5-965A-8597158C5309}.Debug|x64.ActiveCfg = Debug|Any CPU
		{92C70047-F459-46C5-965A-8597158C5309}.Debug|x64.Build.0 = Debug|Any CPU
		{92C70047-F459-46C5-965A-8597158C5309}.Debug|x86.ActiveCfg = Debug|Any CPU
		{92C70047-F459-46C5-965A-8597158C5309}.Debug|x86.Build.0 = Debug|Any CPU
		{92C70047-F459-46C5-965A-8597158C5309}.Release|Any CPU.ActiveCfg = Release|Any CPU
		{92C70047-F459-46C5-965A-8597158C5309}.Release|Any CPU.Build.0 = Release|Any CPU
		{92C70047-F459-46C5-965A-8597158C5309}.Release|x64.ActiveCfg = Release|Any CPU
		{92C70047-F459-46C5-965A-8597158C5309}.Release|x64.Build.0 = Release|Any CPU
		{92C70047-F459-46C5-965A-8597158C5309}.Release|x86.ActiveCfg = Release|Any CPU
		{92C70047-F459-46C5-965A-8597158C5309}.Release|x86.Build.0 = Release|Any CPU
	EndGlobalSection
EndGlobal
